// !$*UTF8*$!
{
	archiveVersion = 1;
	classes = {
	};
	objectVersion = 56;
	objects = {

/* Begin PBXBuildFile section */
		0A24273CA283C2584183CC6F /* Pods_Pokemon.framework in Frameworks */ = {isa = PBXBuildFile; fileRef = 7AAA73CFEEB064740FDCC490 /* Pods_Pokemon.framework */; };
		29764B29CA4C5B407DB9C1D7 /* Pods_PokemonTests.framework in Frameworks */ = {isa = PBXBuildFile; fileRef = CDC2E7573A703EADE90FC999 /* Pods_PokemonTests.framework */; };
		3785607B2A3E5FB500B12012 /* ContentView.swift in Sources */ = {isa = PBXBuildFile; fileRef = 3785607A2A3E5FB500B12012 /* ContentView.swift */; };
		3785607D2A3E664800B12012 /* ShowPokedex.swift in Sources */ = {isa = PBXBuildFile; fileRef = 3785607C2A3E664800B12012 /* ShowPokedex.swift */; };
		37EB3C632A3DCC7F0017FE2D /* PokemonApp.swift in Sources */ = {isa = PBXBuildFile; fileRef = 37EB3C622A3DCC7F0017FE2D /* PokemonApp.swift */; };
		37EB3C652A3DCC7F0017FE2D /* WelcomeLoader.swift in Sources */ = {isa = PBXBuildFile; fileRef = 37EB3C642A3DCC7F0017FE2D /* WelcomeLoader.swift */; };
		37EB3C672A3DCC800017FE2D /* Assets.xcassets in Resources */ = {isa = PBXBuildFile; fileRef = 37EB3C662A3DCC800017FE2D /* Assets.xcassets */; };
		37EB3C6A2A3DCC800017FE2D /* Preview Assets.xcassets in Resources */ = {isa = PBXBuildFile; fileRef = 37EB3C692A3DCC800017FE2D /* Preview Assets.xcassets */; };
		37EB3C742A3DCC800017FE2D /* PokemonTests.swift in Sources */ = {isa = PBXBuildFile; fileRef = 37EB3C732A3DCC800017FE2D /* PokemonTests.swift */; };
		37EB3C7E2A3DCC800017FE2D /* PokemonUITests.swift in Sources */ = {isa = PBXBuildFile; fileRef = 37EB3C7D2A3DCC800017FE2D /* PokemonUITests.swift */; };
		37EB3C802A3DCC800017FE2D /* PokemonUITestsLaunchTests.swift in Sources */ = {isa = PBXBuildFile; fileRef = 37EB3C7F2A3DCC800017FE2D /* PokemonUITestsLaunchTests.swift */; };
		42D61DE1FE1C7CBD972B204B /* Pods_Pokemon_PokemonUITests.framework in Frameworks */ = {isa = PBXBuildFile; fileRef = 8B8E4C41CD2E004ECE25F100 /* Pods_Pokemon_PokemonUITests.framework */; };
/* End PBXBuildFile section */

/* Begin PBXContainerItemProxy section */
		37EB3C702A3DCC800017FE2D /* PBXContainerItemProxy */ = {
			isa = PBXContainerItemProxy;
			containerPortal = 37EB3C572A3DCC7F0017FE2D /* Project object */;
			proxyType = 1;
			remoteGlobalIDString = 37EB3C5E2A3DCC7F0017FE2D;
			remoteInfo = Pokemon;
		};
		37EB3C7A2A3DCC800017FE2D /* PBXContainerItemProxy */ = {
			isa = PBXContainerItemProxy;
			containerPortal = 37EB3C572A3DCC7F0017FE2D /* Project object */;
			proxyType = 1;
			remoteGlobalIDString = 37EB3C5E2A3DCC7F0017FE2D;
			remoteInfo = Pokemon;
		};
/* End PBXContainerItemProxy section */

/* Begin PBXFileReference section */
		3682DFA3BC4B16D9A869BB2C /* Pods-Pokemon.debug.xcconfig */ = {isa = PBXFileReference; includeInIndex = 1; lastKnownFileType = text.xcconfig; name = "Pods-Pokemon.debug.xcconfig"; path = "Target Support Files/Pods-Pokemon/Pods-Pokemon.debug.xcconfig"; sourceTree = "<group>"; };
		3785607A2A3E5FB500B12012 /* ContentView.swift */ = {isa = PBXFileReference; lastKnownFileType = sourcecode.swift; path = ContentView.swift; sourceTree = "<group>"; };
		3785607C2A3E664800B12012 /* ShowPokedex.swift */ = {isa = PBXFileReference; lastKnownFileType = sourcecode.swift; path = ShowPokedex.swift; sourceTree = "<group>"; };
		37EB3C5F2A3DCC7F0017FE2D /* Pokemon.app */ = {isa = PBXFileReference; explicitFileType = wrapper.application; includeInIndex = 0; path = Pokemon.app; sourceTree = BUILT_PRODUCTS_DIR; };
		37EB3C622A3DCC7F0017FE2D /* PokemonApp.swift */ = {isa = PBXFileReference; lastKnownFileType = sourcecode.swift; path = PokemonApp.swift; sourceTree = "<group>"; };
		37EB3C642A3DCC7F0017FE2D /* WelcomeLoader.swift */ = {isa = PBXFileReference; lastKnownFileType = sourcecode.swift; path = WelcomeLoader.swift; sourceTree = "<group>"; };
		37EB3C662A3DCC800017FE2D /* Assets.xcassets */ = {isa = PBXFileReference; lastKnownFileType = folder.assetcatalog; path = Assets.xcassets; sourceTree = "<group>"; };
		37EB3C692A3DCC800017FE2D /* Preview Assets.xcassets */ = {isa = PBXFileReference; lastKnownFileType = folder.assetcatalog; path = "Preview Assets.xcassets"; sourceTree = "<group>"; };
		37EB3C6F2A3DCC800017FE2D /* PokemonTests.xctest */ = {isa = PBXFileReference; explicitFileType = wrapper.cfbundle; includeInIndex = 0; path = PokemonTests.xctest; sourceTree = BUILT_PRODUCTS_DIR; };
		37EB3C732A3DCC800017FE2D /* PokemonTests.swift */ = {isa = PBXFileReference; lastKnownFileType = sourcecode.swift; path = PokemonTests.swift; sourceTree = "<group>"; };
		37EB3C792A3DCC800017FE2D /* PokemonUITests.xctest */ = {isa = PBXFileReference; explicitFileType = wrapper.cfbundle; includeInIndex = 0; path = PokemonUITests.xctest; sourceTree = BUILT_PRODUCTS_DIR; };
		37EB3C7D2A3DCC800017FE2D /* PokemonUITests.swift */ = {isa = PBXFileReference; lastKnownFileType = sourcecode.swift; path = PokemonUITests.swift; sourceTree = "<group>"; };
		37EB3C7F2A3DCC800017FE2D /* PokemonUITestsLaunchTests.swift */ = {isa = PBXFileReference; lastKnownFileType = sourcecode.swift; path = PokemonUITestsLaunchTests.swift; sourceTree = "<group>"; };
		67215558D272E5DD64E22C03 /* Pods-Pokemon.release.xcconfig */ = {isa = PBXFileReference; includeInIndex = 1; lastKnownFileType = text.xcconfig; name = "Pods-Pokemon.release.xcconfig"; path = "Target Support Files/Pods-Pokemon/Pods-Pokemon.release.xcconfig"; sourceTree = "<group>"; };
		7A5C3FF68832DBEF8C957B4D /* Pods-PokemonTests.release.xcconfig */ = {isa = PBXFileReference; includeInIndex = 1; lastKnownFileType = text.xcconfig; name = "Pods-PokemonTests.release.xcconfig"; path = "Target Support Files/Pods-PokemonTests/Pods-PokemonTests.release.xcconfig"; sourceTree = "<group>"; };
		7AAA73CFEEB064740FDCC490 /* Pods_Pokemon.framework */ = {isa = PBXFileReference; explicitFileType = wrapper.framework; includeInIndex = 0; path = Pods_Pokemon.framework; sourceTree = BUILT_PRODUCTS_DIR; };
		8B8E4C41CD2E004ECE25F100 /* Pods_Pokemon_PokemonUITests.framework */ = {isa = PBXFileReference; explicitFileType = wrapper.framework; includeInIndex = 0; path = Pods_Pokemon_PokemonUITests.framework; sourceTree = BUILT_PRODUCTS_DIR; };
		B6EA9040A693A431FB409A44 /* Pods-Pokemon-PokemonUITests.release.xcconfig */ = {isa = PBXFileReference; includeInIndex = 1; lastKnownFileType = text.xcconfig; name = "Pods-Pokemon-PokemonUITests.release.xcconfig"; path = "Target Support Files/Pods-Pokemon-PokemonUITests/Pods-Pokemon-PokemonUITests.release.xcconfig"; sourceTree = "<group>"; };
		CDC2E7573A703EADE90FC999 /* Pods_PokemonTests.framework */ = {isa = PBXFileReference; explicitFileType = wrapper.framework; includeInIndex = 0; path = Pods_PokemonTests.framework; sourceTree = BUILT_PRODUCTS_DIR; };
		ED6CFBC554F04E09A60EB462 /* Pods-Pokemon-PokemonUITests.debug.xcconfig */ = {isa = PBXFileReference; includeInIndex = 1; lastKnownFileType = text.xcconfig; name = "Pods-Pokemon-PokemonUITests.debug.xcconfig"; path = "Target Support Files/Pods-Pokemon-PokemonUITests/Pods-Pokemon-PokemonUITests.debug.xcconfig"; sourceTree = "<group>"; };
		F0B3B1E74E04030DB827D610 /* Pods-PokemonTests.debug.xcconfig */ = {isa = PBXFileReference; includeInIndex = 1; lastKnownFileType = text.xcconfig; name = "Pods-PokemonTests.debug.xcconfig"; path = "Target Support Files/Pods-PokemonTests/Pods-PokemonTests.debug.xcconfig"; sourceTree = "<group>"; };
/* End PBXFileReference section */

/* Begin PBXFrameworksBuildPhase section */
		37EB3C5C2A3DCC7F0017FE2D /* Frameworks */ = {
			isa = PBXFrameworksBuildPhase;
			buildActionMask = 2147483647;
			files = (
				0A24273CA283C2584183CC6F /* Pods_Pokemon.framework in Frameworks */,
			);
			runOnlyForDeploymentPostprocessing = 0;
		};
		37EB3C6C2A3DCC800017FE2D /* Frameworks */ = {
			isa = PBXFrameworksBuildPhase;
			buildActionMask = 2147483647;
			files = (
				29764B29CA4C5B407DB9C1D7 /* Pods_PokemonTests.framework in Frameworks */,
			);
			runOnlyForDeploymentPostprocessing = 0;
		};
		37EB3C762A3DCC800017FE2D /* Frameworks */ = {
			isa = PBXFrameworksBuildPhase;
			buildActionMask = 2147483647;
			files = (
				42D61DE1FE1C7CBD972B204B /* Pods_Pokemon_PokemonUITests.framework in Frameworks */,
			);
			runOnlyForDeploymentPostprocessing = 0;
		};
/* End PBXFrameworksBuildPhase section */

/* Begin PBXGroup section */
		37EB3C562A3DCC7F0017FE2D = {
			isa = PBXGroup;
			children = (
				37EB3C612A3DCC7F0017FE2D /* Pokemon */,
				37EB3C722A3DCC800017FE2D /* PokemonTests */,
				37EB3C7C2A3DCC800017FE2D /* PokemonUITests */,
				37EB3C602A3DCC7F0017FE2D /* Products */,
				E67691B30F9C1B4CE4D246DB /* Pods */,
				C7A973B08FBEC5599AC9C7F4 /* Frameworks */,
			);
			sourceTree = "<group>";
		};
		37EB3C602A3DCC7F0017FE2D /* Products */ = {
			isa = PBXGroup;
			children = (
				37EB3C5F2A3DCC7F0017FE2D /* Pokemon.app */,
				37EB3C6F2A3DCC800017FE2D /* PokemonTests.xctest */,
				37EB3C792A3DCC800017FE2D /* PokemonUITests.xctest */,
			);
			name = Products;
			sourceTree = "<group>";
		};
		37EB3C612A3DCC7F0017FE2D /* Pokemon */ = {
			isa = PBXGroup;
			children = (
				37EB3C622A3DCC7F0017FE2D /* PokemonApp.swift */,
				3785607A2A3E5FB500B12012 /* ContentView.swift */,
				37EB3C642A3DCC7F0017FE2D /* WelcomeLoader.swift */,
				3785607C2A3E664800B12012 /* ShowPokedex.swift */,
				37EB3C662A3DCC800017FE2D /* Assets.xcassets */,
				37EB3C682A3DCC800017FE2D /* Preview Content */,
			);
			path = Pokemon;
			sourceTree = "<group>";
		};
		37EB3C682A3DCC800017FE2D /* Preview Content */ = {
			isa = PBXGroup;
			children = (
				37EB3C692A3DCC800017FE2D /* Preview Assets.xcassets */,
			);
			path = "Preview Content";
			sourceTree = "<group>";
		};
		37EB3C722A3DCC800017FE2D /* PokemonTests */ = {
			isa = PBXGroup;
			children = (
				37EB3C732A3DCC800017FE2D /* PokemonTests.swift */,
			);
			path = PokemonTests;
			sourceTree = "<group>";
		};
		37EB3C7C2A3DCC800017FE2D /* PokemonUITests */ = {
			isa = PBXGroup;
			children = (
				37EB3C7D2A3DCC800017FE2D /* PokemonUITests.swift */,
				37EB3C7F2A3DCC800017FE2D /* PokemonUITestsLaunchTests.swift */,
			);
			path = PokemonUITests;
			sourceTree = "<group>";
		};
		C7A973B08FBEC5599AC9C7F4 /* Frameworks */ = {
			isa = PBXGroup;
			children = (
				7AAA73CFEEB064740FDCC490 /* Pods_Pokemon.framework */,
				8B8E4C41CD2E004ECE25F100 /* Pods_Pokemon_PokemonUITests.framework */,
				CDC2E7573A703EADE90FC999 /* Pods_PokemonTests.framework */,
			);
			name = Frameworks;
			sourceTree = "<group>";
		};
		E67691B30F9C1B4CE4D246DB /* Pods */ = {
			isa = PBXGroup;
			children = (
				3682DFA3BC4B16D9A869BB2C /* Pods-Pokemon.debug.xcconfig */,
				67215558D272E5DD64E22C03 /* Pods-Pokemon.release.xcconfig */,
				ED6CFBC554F04E09A60EB462 /* Pods-Pokemon-PokemonUITests.debug.xcconfig */,
				B6EA9040A693A431FB409A44 /* Pods-Pokemon-PokemonUITests.release.xcconfig */,
				F0B3B1E74E04030DB827D610 /* Pods-PokemonTests.debug.xcconfig */,
				7A5C3FF68832DBEF8C957B4D /* Pods-PokemonTests.release.xcconfig */,
			);
			name = Pods;
			path = Pods;
			sourceTree = "<group>";
		};
/* End PBXGroup section */

/* Begin PBXNativeTarget section */
		37EB3C5E2A3DCC7F0017FE2D /* Pokemon */ = {
			isa = PBXNativeTarget;
			buildConfigurationList = 37EB3C832A3DCC800017FE2D /* Build configuration list for PBXNativeTarget "Pokemon" */;
			buildPhases = (
				C669E7828E4866B98DA23FB4 /* [CP] Check Pods Manifest.lock */,
				37EB3C5B2A3DCC7F0017FE2D /* Sources */,
				37EB3C5C2A3DCC7F0017FE2D /* Frameworks */,
				37EB3C5D2A3DCC7F0017FE2D /* Resources */,
				E383E1F1975DAA0F060D6C02 /* [CP] Embed Pods Frameworks */,
			);
			buildRules = (
			);
			dependencies = (
			);
			name = Pokemon;
			productName = Pokemon;
			productReference = 37EB3C5F2A3DCC7F0017FE2D /* Pokemon.app */;
			productType = "com.apple.product-type.application";
		};
		37EB3C6E2A3DCC800017FE2D /* PokemonTests */ = {
			isa = PBXNativeTarget;
			buildConfigurationList = 37EB3C862A3DCC800017FE2D /* Build configuration list for PBXNativeTarget "PokemonTests" */;
			buildPhases = (
				DF8E47D9B114DCC6E6A102AF /* [CP] Check Pods Manifest.lock */,
				37EB3C6B2A3DCC800017FE2D /* Sources */,
				37EB3C6C2A3DCC800017FE2D /* Frameworks */,
				37EB3C6D2A3DCC800017FE2D /* Resources */,
			);
			buildRules = (
			);
			dependencies = (
				37EB3C712A3DCC800017FE2D /* PBXTargetDependency */,
			);
			name = PokemonTests;
			productName = PokemonTests;
			productReference = 37EB3C6F2A3DCC800017FE2D /* PokemonTests.xctest */;
			productType = "com.apple.product-type.bundle.unit-test";
		};
		37EB3C782A3DCC800017FE2D /* PokemonUITests */ = {
			isa = PBXNativeTarget;
			buildConfigurationList = 37EB3C892A3DCC800017FE2D /* Build configuration list for PBXNativeTarget "PokemonUITests" */;
			buildPhases = (
				AE05C703176370ED5EC1C5F5 /* [CP] Check Pods Manifest.lock */,
				37EB3C752A3DCC800017FE2D /* Sources */,
				37EB3C762A3DCC800017FE2D /* Frameworks */,
				37EB3C772A3DCC800017FE2D /* Resources */,
				CCDDCF1E03A8F6BBEC569655 /* [CP] Embed Pods Frameworks */,
			);
			buildRules = (
			);
			dependencies = (
				37EB3C7B2A3DCC800017FE2D /* PBXTargetDependency */,
			);
			name = PokemonUITests;
			productName = PokemonUITests;
			productReference = 37EB3C792A3DCC800017FE2D /* PokemonUITests.xctest */;
			productType = "com.apple.product-type.bundle.ui-testing";
		};
/* End PBXNativeTarget section */

/* Begin PBXProject section */
		37EB3C572A3DCC7F0017FE2D /* Project object */ = {
			isa = PBXProject;
			attributes = {
				BuildIndependentTargetsInParallel = 1;
				LastSwiftUpdateCheck = 1430;
				LastUpgradeCheck = 1430;
				TargetAttributes = {
					37EB3C5E2A3DCC7F0017FE2D = {
						CreatedOnToolsVersion = 14.3.1;
					};
					37EB3C6E2A3DCC800017FE2D = {
						CreatedOnToolsVersion = 14.3.1;
						TestTargetID = 37EB3C5E2A3DCC7F0017FE2D;
					};
					37EB3C782A3DCC800017FE2D = {
						CreatedOnToolsVersion = 14.3.1;
						TestTargetID = 37EB3C5E2A3DCC7F0017FE2D;
					};
				};
			};
			buildConfigurationList = 37EB3C5A2A3DCC7F0017FE2D /* Build configuration list for PBXProject "Pokemon" */;
			compatibilityVersion = "Xcode 14.0";
			developmentRegion = en;
			hasScannedForEncodings = 0;
			knownRegions = (
				en,
				Base,
			);
			mainGroup = 37EB3C562A3DCC7F0017FE2D;
			productRefGroup = 37EB3C602A3DCC7F0017FE2D /* Products */;
			projectDirPath = "";
			projectRoot = "";
			targets = (
				37EB3C5E2A3DCC7F0017FE2D /* Pokemon */,
				37EB3C6E2A3DCC800017FE2D /* PokemonTests */,
				37EB3C782A3DCC800017FE2D /* PokemonUITests */,
			);
		};
/* End PBXProject section */

/* Begin PBXResourcesBuildPhase section */
		37EB3C5D2A3DCC7F0017FE2D /* Resources */ = {
			isa = PBXResourcesBuildPhase;
			buildActionMask = 2147483647;
			files = (
				37EB3C6A2A3DCC800017FE2D /* Preview Assets.xcassets in Resources */,
				37EB3C672A3DCC800017FE2D /* Assets.xcassets in Resources */,
			);
			runOnlyForDeploymentPostprocessing = 0;
		};
		37EB3C6D2A3DCC800017FE2D /* Resources */ = {
			isa = PBXResourcesBuildPhase;
			buildActionMask = 2147483647;
			files = (
			);
			runOnlyForDeploymentPostprocessing = 0;
		};
		37EB3C772A3DCC800017FE2D /* Resources */ = {
			isa = PBXResourcesBuildPhase;
			buildActionMask = 2147483647;
			files = (
			);
			runOnlyForDeploymentPostprocessing = 0;
		};
/* End PBXResourcesBuildPhase section */

/* Begin PBXShellScriptBuildPhase section */
		AE05C703176370ED5EC1C5F5 /* [CP] Check Pods Manifest.lock */ = {
			isa = PBXShellScriptBuildPhase;
			buildActionMask = 2147483647;
			files = (
			);
			inputFileListPaths = (
			);
			inputPaths = (
				"${PODS_PODFILE_DIR_PATH}/Podfile.lock",
				"${PODS_ROOT}/Manifest.lock",
			);
			name = "[CP] Check Pods Manifest.lock";
			outputFileListPaths = (
			);
			outputPaths = (
				"$(DERIVED_FILE_DIR)/Pods-Pokemon-PokemonUITests-checkManifestLockResult.txt",
			);
			runOnlyForDeploymentPostprocessing = 0;
			shellPath = /bin/sh;
			shellScript = "diff \"${PODS_PODFILE_DIR_PATH}/Podfile.lock\" \"${PODS_ROOT}/Manifest.lock\" > /dev/null\nif [ $? != 0 ] ; then\n    # print error to STDERR\n    echo \"error: The sandbox is not in sync with the Podfile.lock. Run 'pod install' or update your CocoaPods installation.\" >&2\n    exit 1\nfi\n# This output is used by Xcode 'outputs' to avoid re-running this script phase.\necho \"SUCCESS\" > \"${SCRIPT_OUTPUT_FILE_0}\"\n";
			showEnvVarsInLog = 0;
		};
		C669E7828E4866B98DA23FB4 /* [CP] Check Pods Manifest.lock */ = {
			isa = PBXShellScriptBuildPhase;
			buildActionMask = 2147483647;
			files = (
			);
			inputFileListPaths = (
			);
			inputPaths = (
				"${PODS_PODFILE_DIR_PATH}/Podfile.lock",
				"${PODS_ROOT}/Manifest.lock",
			);
			name = "[CP] Check Pods Manifest.lock";
			outputFileListPaths = (
			);
			outputPaths = (
				"$(DERIVED_FILE_DIR)/Pods-Pokemon-checkManifestLockResult.txt",
			);
			runOnlyForDeploymentPostprocessing = 0;
			shellPath = /bin/sh;
			shellScript = "diff \"${PODS_PODFILE_DIR_PATH}/Podfile.lock\" \"${PODS_ROOT}/Manifest.lock\" > /dev/null\nif [ $? != 0 ] ; then\n    # print error to STDERR\n    echo \"error: The sandbox is not in sync with the Podfile.lock. Run 'pod install' or update your CocoaPods installation.\" >&2\n    exit 1\nfi\n# This output is used by Xcode 'outputs' to avoid re-running this script phase.\necho \"SUCCESS\" > \"${SCRIPT_OUTPUT_FILE_0}\"\n";
			showEnvVarsInLog = 0;
		};
		CCDDCF1E03A8F6BBEC569655 /* [CP] Embed Pods Frameworks */ = {
			isa = PBXShellScriptBuildPhase;
			buildActionMask = 2147483647;
			files = (
			);
			inputFileListPaths = (
				"${PODS_ROOT}/Target Support Files/Pods-Pokemon-PokemonUITests/Pods-Pokemon-PokemonUITests-frameworks-${CONFIGURATION}-input-files.xcfilelist",
			);
			name = "[CP] Embed Pods Frameworks";
			outputFileListPaths = (
				"${PODS_ROOT}/Target Support Files/Pods-Pokemon-PokemonUITests/Pods-Pokemon-PokemonUITests-frameworks-${CONFIGURATION}-output-files.xcfilelist",
			);
			runOnlyForDeploymentPostprocessing = 0;
			shellPath = /bin/sh;
			shellScript = "\"${PODS_ROOT}/Target Support Files/Pods-Pokemon-PokemonUITests/Pods-Pokemon-PokemonUITests-frameworks.sh\"\n";
			showEnvVarsInLog = 0;
		};
		DF8E47D9B114DCC6E6A102AF /* [CP] Check Pods Manifest.lock */ = {
			isa = PBXShellScriptBuildPhase;
			buildActionMask = 2147483647;
			files = (
			);
			inputFileListPaths = (
			);
			inputPaths = (
				"${PODS_PODFILE_DIR_PATH}/Podfile.lock",
				"${PODS_ROOT}/Manifest.lock",
			);
			name = "[CP] Check Pods Manifest.lock";
			outputFileListPaths = (
			);
			outputPaths = (
				"$(DERIVED_FILE_DIR)/Pods-PokemonTests-checkManifestLockResult.txt",
			);
			runOnlyForDeploymentPostprocessing = 0;
			shellPath = /bin/sh;
			shellScript = "diff \"${PODS_PODFILE_DIR_PATH}/Podfile.lock\" \"${PODS_ROOT}/Manifest.lock\" > /dev/null\nif [ $? != 0 ] ; then\n    # print error to STDERR\n    echo \"error: The sandbox is not in sync with the Podfile.lock. Run 'pod install' or update your CocoaPods installation.\" >&2\n    exit 1\nfi\n# This output is used by Xcode 'outputs' to avoid re-running this script phase.\necho \"SUCCESS\" > \"${SCRIPT_OUTPUT_FILE_0}\"\n";
			showEnvVarsInLog = 0;
		};
		E383E1F1975DAA0F060D6C02 /* [CP] Embed Pods Frameworks */ = {
			isa = PBXShellScriptBuildPhase;
			buildActionMask = 2147483647;
			files = (
			);
			inputFileListPaths = (
				"${PODS_ROOT}/Target Support Files/Pods-Pokemon/Pods-Pokemon-frameworks-${CONFIGURATION}-input-files.xcfilelist",
			);
			name = "[CP] Embed Pods Frameworks";
			outputFileListPaths = (
				"${PODS_ROOT}/Target Support Files/Pods-Pokemon/Pods-Pokemon-frameworks-${CONFIGURATION}-output-files.xcfilelist",
			);
			runOnlyForDeploymentPostprocessing = 0;
			shellPath = /bin/sh;
			shellScript = "\"${PODS_ROOT}/Target Support Files/Pods-Pokemon/Pods-Pokemon-frameworks.sh\"\n";
			showEnvVarsInLog = 0;
		};
/* End PBXShellScriptBuildPhase section */

/* Begin PBXSourcesBuildPhase section */
		37EB3C5B2A3DCC7F0017FE2D /* Sources */ = {
			isa = PBXSourcesBuildPhase;
			buildActionMask = 2147483647;
			files = (
				37EB3C652A3DCC7F0017FE2D /* WelcomeLoader.swift in Sources */,
				3785607D2A3E664800B12012 /* ShowPokedex.swift in Sources */,
				3785607B2A3E5FB500B12012 /* ContentView.swift in Sources */,
				37EB3C632A3DCC7F0017FE2D /* PokemonApp.swift in Sources */,
			);
			runOnlyForDeploymentPostprocessing = 0;
		};
		37EB3C6B2A3DCC800017FE2D /* Sources */ = {
			isa = PBXSourcesBuildPhase;
			buildActionMask = 2147483647;
			files = (
				37EB3C742A3DCC800017FE2D /* PokemonTests.swift in Sources */,
			);
			runOnlyForDeploymentPostprocessing = 0;
		};
		37EB3C752A3DCC800017FE2D /* Sources */ = {
			isa = PBXSourcesBuildPhase;
			buildActionMask = 2147483647;
			files = (
				37EB3C802A3DCC800017FE2D /* PokemonUITestsLaunchTests.swift in Sources */,
				37EB3C7E2A3DCC800017FE2D /* PokemonUITests.swift in Sources */,
			);
			runOnlyForDeploymentPostprocessing = 0;
		};
/* End PBXSourcesBuildPhase section */

/* Begin PBXTargetDependency section */
		37EB3C712A3DCC800017FE2D /* PBXTargetDependency */ = {
			isa = PBXTargetDependency;
			target = 37EB3C5E2A3DCC7F0017FE2D /* Pokemon */;
			targetProxy = 37EB3C702A3DCC800017FE2D /* PBXContainerItemProxy */;
		};
		37EB3C7B2A3DCC800017FE2D /* PBXTargetDependency */ = {
			isa = PBXTargetDependency;
			target = 37EB3C5E2A3DCC7F0017FE2D /* Pokemon */;
			targetProxy = 37EB3C7A2A3DCC800017FE2D /* PBXContainerItemProxy */;
		};
/* End PBXTargetDependency section */

/* Begin XCBuildConfiguration section */
		37EB3C812A3DCC800017FE2D /* Debug */ = {
			isa = XCBuildConfiguration;
			buildSettings = {
				ALWAYS_SEARCH_USER_PATHS = NO;
				CLANG_ANALYZER_NONNULL = YES;
				CLANG_ANALYZER_NUMBER_OBJECT_CONVERSION = YES_AGGRESSIVE;
				CLANG_CXX_LANGUAGE_STANDARD = "gnu++20";
				CLANG_ENABLE_MODULES = YES;
				CLANG_ENABLE_OBJC_ARC = YES;
				CLANG_ENABLE_OBJC_WEAK = YES;
				CLANG_WARN_BLOCK_CAPTURE_AUTORELEASING = YES;
				CLANG_WARN_BOOL_CONVERSION = YES;
				CLANG_WARN_COMMA = YES;
				CLANG_WARN_CONSTANT_CONVERSION = YES;
				CLANG_WARN_DEPRECATED_OBJC_IMPLEMENTATIONS = YES;
				CLANG_WARN_DIRECT_OBJC_ISA_USAGE = YES_ERROR;
				CLANG_WARN_DOCUMENTATION_COMMENTS = YES;
				CLANG_WARN_EMPTY_BODY = YES;
				CLANG_WARN_ENUM_CONVERSION = YES;
				CLANG_WARN_INFINITE_RECURSION = YES;
				CLANG_WARN_INT_CONVERSION = YES;
				CLANG_WARN_NON_LITERAL_NULL_CONVERSION = YES;
				CLANG_WARN_OBJC_IMPLICIT_RETAIN_SELF = YES;
				CLANG_WARN_OBJC_LITERAL_CONVERSION = YES;
				CLANG_WARN_OBJC_ROOT_CLASS = YES_ERROR;
				CLANG_WARN_QUOTED_INCLUDE_IN_FRAMEWORK_HEADER = YES;
				CLANG_WARN_RANGE_LOOP_ANALYSIS = YES;
				CLANG_WARN_STRICT_PROTOTYPES = YES;
				CLANG_WARN_SUSPICIOUS_MOVE = YES;
				CLANG_WARN_UNGUARDED_AVAILABILITY = YES_AGGRESSIVE;
				CLANG_WARN_UNREACHABLE_CODE = YES;
				CLANG_WARN__DUPLICATE_METHOD_MATCH = YES;
				COPY_PHASE_STRIP = NO;
				DEBUG_INFORMATION_FORMAT = dwarf;
				ENABLE_STRICT_OBJC_MSGSEND = YES;
				ENABLE_TESTABILITY = YES;
				GCC_C_LANGUAGE_STANDARD = gnu11;
				GCC_DYNAMIC_NO_PIC = NO;
				GCC_NO_COMMON_BLOCKS = YES;
				GCC_OPTIMIZATION_LEVEL = 0;
				GCC_PREPROCESSOR_DEFINITIONS = (
					"DEBUG=1",
					"$(inherited)",
				);
				GCC_WARN_64_TO_32_BIT_CONVERSION = YES;
				GCC_WARN_ABOUT_RETURN_TYPE = YES_ERROR;
				GCC_WARN_UNDECLARED_SELECTOR = YES;
				GCC_WARN_UNINITIALIZED_AUTOS = YES_AGGRESSIVE;
				GCC_WARN_UNUSED_FUNCTION = YES;
				GCC_WARN_UNUSED_VARIABLE = YES;
				IPHONEOS_DEPLOYMENT_TARGET = 16.4;
				MTL_ENABLE_DEBUG_INFO = INCLUDE_SOURCE;
				MTL_FAST_MATH = YES;
				ONLY_ACTIVE_ARCH = YES;
				SDKROOT = iphoneos;
				SWIFT_ACTIVE_COMPILATION_CONDITIONS = DEBUG;
				SWIFT_OPTIMIZATION_LEVEL = "-Onone";
			};
			name = Debug;
		};
		37EB3C822A3DCC800017FE2D /* Release */ = {
			isa = XCBuildConfiguration;
			buildSettings = {
				ALWAYS_SEARCH_USER_PATHS = NO;
				CLANG_ANALYZER_NONNULL = YES;
				CLANG_ANALYZER_NUMBER_OBJECT_CONVERSION = YES_AGGRESSIVE;
				CLANG_CXX_LANGUAGE_STANDARD = "gnu++20";
				CLANG_ENABLE_MODULES = YES;
				CLANG_ENABLE_OBJC_ARC = YES;
				CLANG_ENABLE_OBJC_WEAK = YES;
				CLANG_WARN_BLOCK_CAPTURE_AUTORELEASING = YES;
				CLANG_WARN_BOOL_CONVERSION = YES;
				CLANG_WARN_COMMA = YES;
				CLANG_WARN_CONSTANT_CONVERSION = YES;
				CLANG_WARN_DEPRECATED_OBJC_IMPLEMENTATIONS = YES;
				CLANG_WARN_DIRECT_OBJC_ISA_USAGE = YES_ERROR;
				CLANG_WARN_DOCUMENTATION_COMMENTS = YES;
				CLANG_WARN_EMPTY_BODY = YES;
				CLANG_WARN_ENUM_CONVERSION = YES;
				CLANG_WARN_INFINITE_RECURSION = YES;
				CLANG_WARN_INT_CONVERSION = YES;
				CLANG_WARN_NON_LITERAL_NULL_CONVERSION = YES;
				CLANG_WARN_OBJC_IMPLICIT_RETAIN_SELF = YES;
				CLANG_WARN_OBJC_LITERAL_CONVERSION = YES;
				CLANG_WARN_OBJC_ROOT_CLASS = YES_ERROR;
				CLANG_WARN_QUOTED_INCLUDE_IN_FRAMEWORK_HEADER = YES;
				CLANG_WARN_RANGE_LOOP_ANALYSIS = YES;
				CLANG_WARN_STRICT_PROTOTYPES = YES;
				CLANG_WARN_SUSPICIOUS_MOVE = YES;
				CLANG_WARN_UNGUARDED_AVAILABILITY = YES_AGGRESSIVE;
				CLANG_WARN_UNREACHABLE_CODE = YES;
				CLANG_WARN__DUPLICATE_METHOD_MATCH = YES;
				COPY_PHASE_STRIP = NO;
				DEBUG_INFORMATION_FORMAT = "dwarf-with-dsym";
				ENABLE_NS_ASSERTIONS = NO;
				ENABLE_STRICT_OBJC_MSGSEND = YES;
				GCC_C_LANGUAGE_STANDARD = gnu11;
				GCC_NO_COMMON_BLOCKS = YES;
				GCC_WARN_64_TO_32_BIT_CONVERSION = YES;
				GCC_WARN_ABOUT_RETURN_TYPE = YES_ERROR;
				GCC_WARN_UNDECLARED_SELECTOR = YES;
				GCC_WARN_UNINITIALIZED_AUTOS = YES_AGGRESSIVE;
				GCC_WARN_UNUSED_FUNCTION = YES;
				GCC_WARN_UNUSED_VARIABLE = YES;
				IPHONEOS_DEPLOYMENT_TARGET = 16.4;
				MTL_ENABLE_DEBUG_INFO = NO;
				MTL_FAST_MATH = YES;
				SDKROOT = iphoneos;
				SWIFT_COMPILATION_MODE = wholemodule;
				SWIFT_OPTIMIZATION_LEVEL = "-O";
				VALIDATE_PRODUCT = YES;
			};
			name = Release;
		};
		37EB3C842A3DCC800017FE2D /* Debug */ = {
			isa = XCBuildConfiguration;
			baseConfigurationReference = 3682DFA3BC4B16D9A869BB2C /* Pods-Pokemon.debug.xcconfig */;
			buildSettings = {
				ASSETCATALOG_COMPILER_APPICON_NAME = AppIcon;
				ASSETCATALOG_COMPILER_GLOBAL_ACCENT_COLOR_NAME = AccentColor;
				CODE_SIGN_STYLE = Automatic;
				CURRENT_PROJECT_VERSION = 1;
				DEVELOPMENT_ASSET_PATHS = "\"Pokemon/Preview Content\"";
				ENABLE_PREVIEWS = YES;
				GENERATE_INFOPLIST_FILE = YES;
				INFOPLIST_KEY_UIApplicationSceneManifest_Generation = YES;
				INFOPLIST_KEY_UIApplicationSupportsIndirectInputEvents = YES;
				INFOPLIST_KEY_UILaunchScreen_Generation = YES;
				INFOPLIST_KEY_UISupportedInterfaceOrientations_iPad = "UIInterfaceOrientationPortrait UIInterfaceOrientationPortraitUpsideDown UIInterfaceOrientationLandscapeLeft UIInterfaceOrientationLandscapeRight";
				INFOPLIST_KEY_UISupportedInterfaceOrientations_iPhone = "UIInterfaceOrientationPortrait UIInterfaceOrientationLandscapeLeft UIInterfaceOrientationLandscapeRight";
				IPHONEOS_DEPLOYMENT_TARGET = 16.4;
				LD_RUNPATH_SEARCH_PATHS = (
					"$(inherited)",
					"@executable_path/Frameworks",
				);
				MARKETING_VERSION = 1.0;
				PRODUCT_BUNDLE_IDENTIFIER = Pokemon.Pokemon;
				PRODUCT_NAME = "$(TARGET_NAME)";
				SWIFT_EMIT_LOC_STRINGS = YES;
				SWIFT_VERSION = 5.0;
				TARGETED_DEVICE_FAMILY = "1,2";
			};
			name = Debug;
		};
		37EB3C852A3DCC800017FE2D /* Release */ = {
			isa = XCBuildConfiguration;
			baseConfigurationReference = 67215558D272E5DD64E22C03 /* Pods-Pokemon.release.xcconfig */;
			buildSettings = {
				ASSETCATALOG_COMPILER_APPICON_NAME = AppIcon;
				ASSETCATALOG_COMPILER_GLOBAL_ACCENT_COLOR_NAME = AccentColor;
				CODE_SIGN_STYLE = Automatic;
				CURRENT_PROJECT_VERSION = 1;
				DEVELOPMENT_ASSET_PATHS = "\"Pokemon/Preview Content\"";
				ENABLE_PREVIEWS = YES;
				GENERATE_INFOPLIST_FILE = YES;
				INFOPLIST_KEY_UIApplicationSceneManifest_Generation = YES;
				INFOPLIST_KEY_UIApplicationSupportsIndirectInputEvents = YES;
				INFOPLIST_KEY_UILaunchScreen_Generation = YES;
				INFOPLIST_KEY_UISupportedInterfaceOrientations_iPad = "UIInterfaceOrientationPortrait UIInterfaceOrientationPortraitUpsideDown UIInterfaceOrientationLandscapeLeft UIInterfaceOrientationLandscapeRight";
				INFOPLIST_KEY_UISupportedInterfaceOrientations_iPhone = "UIInterfaceOrientationPortrait UIInterfaceOrientationLandscapeLeft UIInterfaceOrientationLandscapeRight";
				IPHONEOS_DEPLOYMENT_TARGET = 16.4;
				LD_RUNPATH_SEARCH_PATHS = (
					"$(inherited)",
					"@executable_path/Frameworks",
				);
				MARKETING_VERSION = 1.0;
				PRODUCT_BUNDLE_IDENTIFIER = Pokemon.Pokemon;
				PRODUCT_NAME = "$(TARGET_NAME)";
				SWIFT_EMIT_LOC_STRINGS = YES;
				SWIFT_VERSION = 5.0;
				TARGETED_DEVICE_FAMILY = "1,2";
			};
			name = Release;
		};
		37EB3C872A3DCC800017FE2D /* Debug */ = {
			isa = XCBuildConfiguration;
			baseConfigurationReference = F0B3B1E74E04030DB827D610 /* Pods-PokemonTests.debug.xcconfig */;
			buildSettings = {
				ALWAYS_EMBED_SWIFT_STANDARD_LIBRARIES = YES;
				BUNDLE_LOADER = "$(TEST_HOST)";
				CODE_SIGN_STYLE = Automatic;
				CURRENT_PROJECT_VERSION = 1;
				GENERATE_INFOPLIST_FILE = YES;
				IPHONEOS_DEPLOYMENT_TARGET = 16.4;
				MARKETING_VERSION = 1.0;
				PRODUCT_BUNDLE_IDENTIFIER = Pokemon.PokemonTests;
				PRODUCT_NAME = "$(TARGET_NAME)";
				SWIFT_EMIT_LOC_STRINGS = NO;
				SWIFT_VERSION = 5.0;
				TARGETED_DEVICE_FAMILY = "1,2";
				TEST_HOST = "$(BUILT_PRODUCTS_DIR)/Pokemon.app/$(BUNDLE_EXECUTABLE_FOLDER_PATH)/Pokemon";
			};
			name = Debug;
		};
		37EB3C882A3DCC800017FE2D /* Release */ = {
			isa = XCBuildConfiguration;
			baseConfigurationReference = 7A5C3FF68832DBEF8C957B4D /* Pods-PokemonTests.release.xcconfig */;
			buildSettings = {
				ALWAYS_EMBED_SWIFT_STANDARD_LIBRARIES = YES;
				BUNDLE_LOADER = "$(TEST_HOST)";
				CODE_SIGN_STYLE = Automatic;
				CURRENT_PROJECT_VERSION = 1;
				GENERATE_INFOPLIST_FILE = YES;
				IPHONEOS_DEPLOYMENT_TARGET = 16.4;
				MARKETING_VERSION = 1.0;
				PRODUCT_BUNDLE_IDENTIFIER = Pokemon.PokemonTests;
				PRODUCT_NAME = "$(TARGET_NAME)";
				SWIFT_EMIT_LOC_STRINGS = NO;
				SWIFT_VERSION = 5.0;
				TARGETED_DEVICE_FAMILY = "1,2";
				TEST_HOST = "$(BUILT_PRODUCTS_DIR)/Pokemon.app/$(BUNDLE_EXECUTABLE_FOLDER_PATH)/Pokemon";
			};
			name = Release;
		};
		37EB3C8A2A3DCC800017FE2D /* Debug */ = {
			isa = XCBuildConfiguration;
			baseConfigurationReference = ED6CFBC554F04E09A60EB462 /* Pods-Pokemon-PokemonUITests.debug.xcconfig */;
			buildSettings = {
				ALWAYS_EMBED_SWIFT_STANDARD_LIBRARIES = YES;
				CODE_SIGN_STYLE = Automatic;
				CURRENT_PROJECT_VERSION = 1;
				GENERATE_INFOPLIST_FILE = YES;
				MARKETING_VERSION = 1.0;
				PRODUCT_BUNDLE_IDENTIFIER = Pokemon.PokemonUITests;
				PRODUCT_NAME = "$(TARGET_NAME)";
				SWIFT_EMIT_LOC_STRINGS = NO;
				SWIFT_VERSION = 5.0;
				TARGETED_DEVICE_FAMILY = "1,2";
				TEST_TARGET_NAME = Pokemon;
			};
			name = Debug;
		};
		37EB3C8B2A3DCC800017FE2D /* Release */ = {
			isa = XCBuildConfiguration;
			baseConfigurationReference = B6EA9040A693A431FB409A44 /* Pods-Pokemon-PokemonUITests.release.xcconfig */;
			buildSettings = {
				ALWAYS_EMBED_SWIFT_STANDARD_LIBRARIES = YES;
				CODE_SIGN_STYLE = Automatic;
				CURRENT_PROJECT_VERSION = 1;
				GENERATE_INFOPLIST_FILE = YES;
				MARKETING_VERSION = 1.0;
				PRODUCT_BUNDLE_IDENTIFIER = Pokemon.PokemonUITests;
				PRODUCT_NAME = "$(TARGET_NAME)";
				SWIFT_EMIT_LOC_STRINGS = NO;
				SWIFT_VERSION = 5.0;
				TARGETED_DEVICE_FAMILY = "1,2";
				TEST_TARGET_NAME = Pokemon;
			};
			name = Release;
		};
/* End XCBuildConfiguration section */

/* Begin XCConfigurationList section */
		37EB3C5A2A3DCC7F0017FE2D /* Build configuration list for PBXProject "Pokemon" */ = {
			isa = XCConfigurationList;
			buildConfigurations = (
				37EB3C812A3DCC800017FE2D /* Debug */,
				37EB3C822A3DCC800017FE2D /* Release */,
			);
			defaultConfigurationIsVisible = 0;
			defaultConfigurationName = Release;
		};
		37EB3C832A3DCC800017FE2D /* Build configuration list for PBXNativeTarget "Pokemon" */ = {
			isa = XCConfigurationList;
			buildConfigurations = (
				37EB3C842A3DCC800017FE2D /* Debug */,
				37EB3C852A3DCC800017FE2D /* Release */,
			);
			defaultConfigurationIsVisible = 0;
			defaultConfigurationName = Release;
		};
		37EB3C862A3DCC800017FE2D /* Build configuration list for PBXNativeTarget "PokemonTests" */ = {
			isa = XCConfigurationList;
			buildConfigurations = (
				37EB3C872A3DCC800017FE2D /* Debug */,
				37EB3C882A3DCC800017FE2D /* Release */,
			);
			defaultConfigurationIsVisible = 0;
			defaultConfigurationName = Release;
		};
		37EB3C892A3DCC800017FE2D /* Build configuration list for PBXNativeTarget "PokemonUITests" */ = {
			isa = XCConfigurationList;
			buildConfigurations = (
				37EB3C8A2A3DCC800017FE2D /* Debug */,
				37EB3C8B2A3DCC800017FE2D /* Release */,
			);
			defaultConfigurationIsVisible = 0;
			defaultConfigurationName = Release;
		};
/* End XCConfigurationList section */
	};
	rootObject = 37EB3C572A3DCC7F0017FE2D /* Project object */;
}
